Microsoft Visual Studio Solution File, Format Version 12.00
# Visual Studio Version 16
VisualStudioVersion = 16.0.0.0
MinimumVisualStudioVersion = 16.0.0.0
Project("{9A19103F-16F7-4668-BE54-9A1E7A4F7556}") = "WeRunApp", "WeRunApp\WeRunApp.csproj", "{2ECC2A39-CB7E-49FF-8974-B543E9A96D63}"
EndProject
Project("{9A19103F-16F7-4668-BE54-9A1E7A4F7556}") = "WeRunApp.Client", "WeRunApp.Client\WeRunApp.Client.csproj", "{53525D74-936F-42F2-B01E-5CF47209E132}"
EndProject
Global
	GlobalSection(SolutionConfigurationPlatforms) = preSolution
		Debug|Any CPU = Debug|Any CPU
		Debug|x64 = Debug|x64
		Debug|x86 = Debug|x86
		Release|Any CPU = Release|Any CPU
		Release|x64 = Release|x64
		Release|x86 = Release|x86
	EndGlobalSection
	GlobalSection(ProjectConfigurationPlatforms) = postSolution
		{53525D74-936F-42F2-B01E-5CF47209E132}.Debug|Any CPU.ActiveCfg = Debug|Any CPU
		{53525D74-936F-42F2-B01E-5CF47209E132}.Debug|Any CPU.Build.0 = Debug|Any CPU
		{53525D74-936F-42F2-B01E-5CF47209E132}.Debug|x64.ActiveCfg = Debug|Any CPU
		{53525D74-936F-42F2-B01E-5CF47209E132}.Debug|x64.Build.0 = Debug|Any CPU
		{53525D74-936F-42F2-B01E-5CF47209E132}.Debug|x86.ActiveCfg = Debug|Any CPU
		{53525D74-936F-42F2-B01E-5CF47209E132}.Debug|x86.Build.0 = Debug|Any CPU
		{53525D74-936F-42F2-B01E-5CF47209E132}.Release|Any CPU.ActiveCfg = Release|Any CPU
		{53525D74-936F-42F2-B01E-5CF47209E132}.Release|Any CPU.Build.0 = Release|Any CPU
		{53525D74-936F-42F2-B01E-5CF47209E132}.Release|x64.ActiveCfg = Release|Any CPU
		{53525D74-936F-42F2-B01E-5CF47209E132}.Release|x64.Build.0 = Release|Any CPU
		{53525D74-936F-42F2-B01E-5CF47209E132}.Release|x86.ActiveCfg = Release|Any CPU
		{53525D74-936F-42F2-B01E-5CF47209E132}.Release|x86.Build.0 = Release|Any CPU
		{2ECC2A39-CB7E-49FF-8974-B543E9A96D63}.Debug|Any CPU.ActiveCfg = Debug|Any CPU
		{2ECC2A39-CB7E-49FF-8974-B543E9A96D63}.Debug|Any CPU.Build.0 = Debug|Any CPU
		{2ECC2A39-CB7E-49FF-8974-B543E9A96D63}.Debug|x64.ActiveCfg = Debug|Any CPU
		{2ECC2A39-CB7E-49FF-8974-B543E9A96D63}.Debug|x64.Build.0 = Debug|Any CPU
		{2ECC2A39-CB7E-49FF-8974-B543E9A96D63}.Debug|x86.ActiveCfg = Debug|Any CPU
		{2ECC2A39-CB7E-49FF-8974-B543E9A96D63}.Debug|x86.Build.0 = Debug|Any CPU
		{2ECC2A39-CB7E-49FF-8974-B543E9A96D63}.Release|Any CPU.ActiveCfg = Release|Any CPU
		{2ECC2A39-CB7E-49FF-8974-B543E9A96D63}.Release|Any CPU.Build.0 = Release|Any CPU
		{2ECC2A39-CB7E-49FF-8974-B543E9A96D63}.Release|x64.ActiveCfg = Release|Any CPU
		{2ECC2A39-CB7E-49FF-8974-B543E9A96D63}.Release|x64.Build.0 = Release|Any CPU
		{2ECC2A39-CB7E-49FF-8974-B543E9A96D63}.Release|x86.ActiveCfg = Release|Any CPU
		{2ECC2A39-CB7E-49FF-8974-B543E9A96D63}.Release|x86.Build.0 = Release|Any CPU
	EndGlobalSection
	GlobalSection(SolutionProperties) = preSolution
		HideSolutionNode = FALSE
	EndGlobalSection
	GlobalSection(ExtensibilityGlobals) = postSolution
		SolutionGuid = {7DBF0214-2053-45A2-9466-B2D7DCFA466D}
	EndGlobalSection
EndGlobal
